
Microsoft Visual Studio Solution File, Format Version 12.00
# Visual Studio 15
VisualStudioVersion = 15.0.27703.2000
MinimumVisualStudioVersion = 10.0.40219.1
Project("{FAE04EC0-301F-11D3-BF4B-00C04F79EFBC}") = "RTX", "RTX\RTX.csproj", "{B1117783-E29C-44C9-A9B5-042A0D991E6F}"
EndProject
Project("{FAE04EC0-301F-11D3-BF4B-00C04F79EFBC}") = "RTX.Core", "RTX.Core\RTX.Core.csproj", "{77E8B9CC-F426-4542-90C2-603EC4268358}"
EndProject
Project("{FAE04EC0-301F-11D3-BF4B-00C04F79EFBC}") = "RTX.Data.EntityFramework", "RTX.Data.EntityFramework\RTX.Data.EntityFramework.csproj", "{459979A9-A7C7-4734-B611-0081C3D8EA5A}"
EndProject
Project("{FAE04EC0-301F-11D3-BF4B-00C04F79EFBC}") = "RTX.Domain", "RTX.Domain\RTX.Domain.csproj", "{D412E103-4E56-4C3C-B10B-7C94CBD749DC}"
EndProject
Project("{FAE04EC0-301F-11D3-BF4B-00C04F79EFBC}") = "RTX.BLL", "RTX.BLL\RTX.BLL.csproj", "{BE6E1BA0-9B4B-4199-97E5-02ECD00A4EE9}"
EndProject
Global
	GlobalSection(SolutionConfigurationPlatforms) = preSolution
		Debug|Any CPU = Debug|Any CPU
		Release|Any CPU = Release|Any CPU
	EndGlobalSection
	GlobalSection(ProjectConfigurationPlatforms) = postSolution
		{B1117783-E29C-44C9-A9B5-042A0D991E6F}.Debug|Any CPU.ActiveCfg = Debug|Any CPU
		{B1117783-E29C-44C9-A9B5-042A0D991E6F}.Debug|Any CPU.Build.0 = Debug|Any CPU
		{B1117783-E29C-44C9-A9B5-042A0D991E6F}.Release|Any CPU.ActiveCfg = Release|Any CPU
		{B1117783-E29C-44C9-A9B5-042A0D991E6F}.Release|Any CPU.Build.0 = Release|Any CPU
		{77E8B9CC-F426-4542-90C2-603EC4268358}.Debug|Any CPU.ActiveCfg = Debug|Any CPU
		{77E8B9CC-F426-4542-90C2-603EC4268358}.Debug|Any CPU.Build.0 = Debug|Any CPU
		{77E8B9CC-F426-4542-90C2-603EC4268358}.Release|Any CPU.ActiveCfg = Release|Any CPU
		{77E8B9CC-F426-4542-90C2-603EC4268358}.Release|Any CPU.Build.0 = Release|Any CPU
		{459979A9-A7C7-4734-B611-0081C3D8EA5A}.Debug|Any CPU.ActiveCfg = Debug|Any CPU
		{459979A9-A7C7-4734-B611-0081C3D8EA5A}.Debug|Any CPU.Build.0 = Debug|Any CPU
		{459979A9-A7C7-4734-B611-0081C3D8EA5A}.Release|Any CPU.ActiveCfg = Release|Any CPU
		{459979A9-A7C7-4734-B611-0081C3D8EA5A}.Release|Any CPU.Build.0 = Release|Any CPU
		{D412E103-4E56-4C3C-B10B-7C94CBD749DC}.Debug|Any CPU.ActiveCfg = Debug|Any CPU
		{D412E103-4E56-4C3C-B10B-7C94CBD749DC}.Debug|Any CPU.Build.0 = Debug|Any CPU
		{D412E103-4E56-4C3C-B10B-7C94CBD749DC}.Release|Any CPU.ActiveCfg = Release|Any CPU
		{D412E103-4E56-4C3C-B10B-7C94CBD749DC}.Release|Any CPU.Build.0 = Release|Any CPU
		{BE6E1BA0-9B4B-4199-97E5-02ECD00A4EE9}.Debug|Any CPU.ActiveCfg = Debug|Any CPU
		{BE6E1BA0-9B4B-4199-97E5-02ECD00A4EE9}.Debug|Any CPU.Build.0 = Debug|Any CPU
		{BE6E1BA0-9B4B-4199-97E5-02ECD00A4EE9}.Release|Any CPU.ActiveCfg = Release|Any CPU
		{BE6E1BA0-9B4B-4199-97E5-02ECD00A4EE9}.Release|Any CPU.Build.0 = Release|Any CPU
	EndGlobalSection
	GlobalSection(SolutionProperties) = preSolution
		HideSolutionNode = FALSE
	EndGlobalSection
	GlobalSection(ExtensibilityGlobals) = postSolution
		SolutionGuid = {965C899F-F268-47E8-8306-C3290FBECC69}
	EndGlobalSection
EndGlobal
